
Microsoft Visual Studio Solution File, Format Version 12.00
# Visual Studio Version 17
VisualStudioVersion = 17.1.32421.90
MinimumVisualStudioVersion = 10.0.40219.1
Project("{FAE04EC0-301F-11D3-BF4B-00C04F79EFBC}") = "WebsiteStatus", "WebsiteStatus\WebsiteStatus.csproj", "{415CF43D-86C9-4E04-951A-E3CA0AE950E7}"
EndProject
Global
	GlobalSection(SolutionConfigurationPlatforms) = preSolution
		Debug|Any CPU = Debug|Any CPU
		Release|Any CPU = Release|Any CPU
	EndGlobalSection
	GlobalSection(ProjectConfigurationPlatforms) = postSolution
		{415CF43D-86C9-4E04-951A-E3CA0AE950E7}.Debug|Any CPU.ActiveCfg = Debug|Any CPU
		{415CF43D-86C9-4E04-951A-E3CA0AE950E7}.Debug|Any CPU.Build.0 = Debug|Any CPU
		{415CF43D-86C9-4E04-951A-E3CA0AE950E7}.Release|Any CPU.ActiveCfg = Release|Any CPU
		{415CF43D-86C9-4E04-951A-E3CA0AE950E7}.Release|Any CPU.Build.0 = Release|Any CPU
	EndGlobalSection
	GlobalSection(SolutionProperties) = preSolution
		HideSolutionNode = FALSE
	EndGlobalSection
	GlobalSection(ExtensibilityGlobals) = postSolution
		SolutionGuid = {39D8875E-4E1E-4EBE-834E-5ED631B1BB28}
	EndGlobalSection
EndGlobal
